
Microsoft Visual Studio Solution File, Format Version 12.00
# Visual Studio Version 16
VisualStudioVersion = 16.0.29728.190
MinimumVisualStudioVersion = 10.0.40219.1
Project("{FAE04EC0-301F-11D3-BF4B-00C04F79EFBC}") = "RumorMill", "RumorMill\RumorMill.csproj", "{51B19FF9-212D-4A8D-8069-9CF4576D19CC}"
EndProject
Global
	GlobalSection(SolutionConfigurationPlatforms) = preSolution
		Debug|Any CPU = Debug|Any CPU
		Release|Any CPU = Release|Any CPU
	EndGlobalSection
	GlobalSection(ProjectConfigurationPlatforms) = postSolution
		{51B19FF9-212D-4A8D-8069-9CF4576D19CC}.Debug|Any CPU.ActiveCfg = Debug|Any CPU
		{51B19FF9-212D-4A8D-8069-9CF4576D19CC}.Debug|Any CPU.Build.0 = Debug|Any CPU
		{51B19FF9-212D-4A8D-8069-9CF4576D19CC}.Release|Any CPU.ActiveCfg = Release|Any CPU
		{51B19FF9-212D-4A8D-8069-9CF4576D19CC}.Release|Any CPU.Build.0 = Release|Any CPU
	EndGlobalSection
	GlobalSection(SolutionProperties) = preSolution
		HideSolutionNode = FALSE
	EndGlobalSection
	GlobalSection(ExtensibilityGlobals) = postSolution
		SolutionGuid = {2840A11E-DEBF-4228-8425-874D1FFBD9C0}
	EndGlobalSection
EndGlobal
