
Microsoft Visual Studio Solution File, Format Version 12.00
# Visual Studio Version 16
VisualStudioVersion = 16.0.29728.190
MinimumVisualStudioVersion = 10.0.40219.1
Project("{FAE04EC0-301F-11D3-BF4B-00C04F79EFBC}") = "CartesiaPrime", "CartesiaPrime\CartesiaPrime.csproj", "{4E28A9F9-A661-4CB4-AA95-B9F0F26C37FC}"
EndProject
Global
	GlobalSection(SolutionConfigurationPlatforms) = preSolution
		Debug|Any CPU = Debug|Any CPU
		Release|Any CPU = Release|Any CPU
	EndGlobalSection
	GlobalSection(ProjectConfigurationPlatforms) = postSolution
		{4E28A9F9-A661-4CB4-AA95-B9F0F26C37FC}.Debug|Any CPU.ActiveCfg = Debug|Any CPU
		{4E28A9F9-A661-4CB4-AA95-B9F0F26C37FC}.Debug|Any CPU.Build.0 = Debug|Any CPU
		{4E28A9F9-A661-4CB4-AA95-B9F0F26C37FC}.Release|Any CPU.ActiveCfg = Release|Any CPU
		{4E28A9F9-A661-4CB4-AA95-B9F0F26C37FC}.Release|Any CPU.Build.0 = Release|Any CPU
	EndGlobalSection
	GlobalSection(SolutionProperties) = preSolution
		HideSolutionNode = FALSE
	EndGlobalSection
	GlobalSection(ExtensibilityGlobals) = postSolution
		SolutionGuid = {EE1C3CBC-7892-42FC-AB46-29EE658098D9}
	EndGlobalSection
EndGlobal
