
Microsoft Visual Studio Solution File, Format Version 12.00
# Visual Studio Version 16
VisualStudioVersion = 16.0.29609.76
MinimumVisualStudioVersion = 10.0.40219.1
Project("{888888A0-9F3D-457C-B088-3A5042F75D52}") = "PS3-2", "PS3-2\PS3-2.pyproj", "{35D7C22E-BA7F-4C4A-BEE1-BAEC98045CBB}"
EndProject
Global
	GlobalSection(SolutionConfigurationPlatforms) = preSolution
		Debug|Any CPU = Debug|Any CPU
		Release|Any CPU = Release|Any CPU
	EndGlobalSection
	GlobalSection(ProjectConfigurationPlatforms) = postSolution
		{35D7C22E-BA7F-4C4A-BEE1-BAEC98045CBB}.Debug|Any CPU.ActiveCfg = Debug|Any CPU
		{35D7C22E-BA7F-4C4A-BEE1-BAEC98045CBB}.Release|Any CPU.ActiveCfg = Release|Any CPU
	EndGlobalSection
	GlobalSection(SolutionProperties) = preSolution
		HideSolutionNode = FALSE
	EndGlobalSection
	GlobalSection(ExtensibilityGlobals) = postSolution
		SolutionGuid = {DE013E96-98CF-47F4-B5BF-AE2B501D9744}
	EndGlobalSection
EndGlobal
