
Microsoft Visual Studio Solution File, Format Version 12.00
# Visual Studio Version 16
VisualStudioVersion = 16.0.29728.190
MinimumVisualStudioVersion = 10.0.40219.1
Project("{FAE04EC0-301F-11D3-BF4B-00C04F79EFBC}") = "UnderTheRainbow", "UnderTheRainbow\UnderTheRainbow.csproj", "{779B7ADB-4BCB-4C91-AB49-37526FD90BBA}"
EndProject
Global
	GlobalSection(SolutionConfigurationPlatforms) = preSolution
		Debug|Any CPU = Debug|Any CPU
		Release|Any CPU = Release|Any CPU
	EndGlobalSection
	GlobalSection(ProjectConfigurationPlatforms) = postSolution
		{779B7ADB-4BCB-4C91-AB49-37526FD90BBA}.Debug|Any CPU.ActiveCfg = Debug|Any CPU
		{779B7ADB-4BCB-4C91-AB49-37526FD90BBA}.Debug|Any CPU.Build.0 = Debug|Any CPU
		{779B7ADB-4BCB-4C91-AB49-37526FD90BBA}.Release|Any CPU.ActiveCfg = Release|Any CPU
		{779B7ADB-4BCB-4C91-AB49-37526FD90BBA}.Release|Any CPU.Build.0 = Release|Any CPU
	EndGlobalSection
	GlobalSection(SolutionProperties) = preSolution
		HideSolutionNode = FALSE
	EndGlobalSection
	GlobalSection(ExtensibilityGlobals) = postSolution
		SolutionGuid = {CE5D4A43-DB53-4C09-8549-C8AC9BC7AB6B}
	EndGlobalSection
EndGlobal
