
Microsoft Visual Studio Solution File, Format Version 12.00
# Visual Studio Version 16
VisualStudioVersion = 16.0.29911.84
MinimumVisualStudioVersion = 10.0.40219.1
Project("{FAE04EC0-301F-11D3-BF4B-00C04F79EFBC}") = "BankQueue", "BankQueue\BankQueue.csproj", "{F92A7E8F-305C-42E4-9B32-FB8B17915ADE}"
EndProject
Global
	GlobalSection(SolutionConfigurationPlatforms) = preSolution
		Debug|Any CPU = Debug|Any CPU
		Release|Any CPU = Release|Any CPU
	EndGlobalSection
	GlobalSection(ProjectConfigurationPlatforms) = postSolution
		{F92A7E8F-305C-42E4-9B32-FB8B17915ADE}.Debug|Any CPU.ActiveCfg = Debug|Any CPU
		{F92A7E8F-305C-42E4-9B32-FB8B17915ADE}.Debug|Any CPU.Build.0 = Debug|Any CPU
		{F92A7E8F-305C-42E4-9B32-FB8B17915ADE}.Release|Any CPU.ActiveCfg = Release|Any CPU
		{F92A7E8F-305C-42E4-9B32-FB8B17915ADE}.Release|Any CPU.Build.0 = Release|Any CPU
	EndGlobalSection
	GlobalSection(SolutionProperties) = preSolution
		HideSolutionNode = FALSE
	EndGlobalSection
	GlobalSection(ExtensibilityGlobals) = postSolution
		SolutionGuid = {D672F3E5-61BB-45A9-979C-5E9A33A81ACB}
	EndGlobalSection
EndGlobal
