
Microsoft Visual Studio Solution File, Format Version 12.00
# Visual Studio Version 16
VisualStudioVersion = 16.0.29609.76
MinimumVisualStudioVersion = 10.0.40219.1
Project("{FAE04EC0-301F-11D3-BF4B-00C04F79EFBC}") = "Ceiling", "Ceiling\Ceiling.csproj", "{D1CB50C3-38FE-4525-BA04-B97181E01B21}"
EndProject
Global
	GlobalSection(SolutionConfigurationPlatforms) = preSolution
		Debug|Any CPU = Debug|Any CPU
		Release|Any CPU = Release|Any CPU
	EndGlobalSection
	GlobalSection(ProjectConfigurationPlatforms) = postSolution
		{D1CB50C3-38FE-4525-BA04-B97181E01B21}.Debug|Any CPU.ActiveCfg = Debug|Any CPU
		{D1CB50C3-38FE-4525-BA04-B97181E01B21}.Debug|Any CPU.Build.0 = Debug|Any CPU
		{D1CB50C3-38FE-4525-BA04-B97181E01B21}.Release|Any CPU.ActiveCfg = Release|Any CPU
		{D1CB50C3-38FE-4525-BA04-B97181E01B21}.Release|Any CPU.Build.0 = Release|Any CPU
	EndGlobalSection
	GlobalSection(SolutionProperties) = preSolution
		HideSolutionNode = FALSE
	EndGlobalSection
	GlobalSection(ExtensibilityGlobals) = postSolution
		SolutionGuid = {C67E5A3E-4AE4-4601-97B3-54679D9EBEA2}
	EndGlobalSection
EndGlobal
